{
   "name": "ioa",
   "version": "20.0.0",
   "lockfileVersion": 2,
   "requires": true,
   "packages": {
      "": {
         "name": "ioa",
         "version": "20.0.0",
         "license": "ISC",
         "dependencies": {
            "consoln": "^3.0.5"
         },
         "devDependencies": {
            "@ioa/config": "^13.0.0",
            "@ioa/http": "^20.0.1",
            "@koa/cors": "^3.3.0",
            "@types/node": "^17.0.23",
            "axios": "^0.26.1",
            "typea": "^8.0.3"
         },
         "engines": {
            "node": ">= 16.0.0"
         }
      },
      "node_modules/@ioa/config": {
         "version": "13.0.0",
         "resolved": "https://registry.npmjs.org/@ioa/config/-/config-13.0.0.tgz",
         "integrity": "sha512-TNRI6yLAvfmicaj+x9kOFbWckhkMSc3EnkZgSf1XfCIRStldDOOg6Jdk9/W70/0b0gG4/KkLiT3BSS4Wdq2DYg==",
         "dev": true
      },
      "node_modules/@ioa/http": {
         "version": "20.0.1",
         "resolved": "https://registry.npmjs.org/@ioa/http/-/http-20.0.1.tgz",
         "integrity": "sha512-CvakgoUbR/hFyYfWu8UXs/dkA8GYSK1GIoq/VsvheS5wC3eIDr94/migZ8+uNm697/p4+HYYOm1cgsrcFVOP5g==",
         "dev": true,
         "dependencies": {
            "ioa-router": "^20.0.1"
         }
      },
      "node_modules/@koa/cors": {
         "version": "3.3.0",
         "resolved": "https://registry.npmjs.org/@koa/cors/-/cors-3.3.0.tgz",
         "integrity": "sha512-lzlkqLlL5Ond8jb6JLnVVDmD2OPym0r5kvZlMgAWiS9xle+Q5ulw1T358oW+RVguxUkANquZQz82i/STIRmsqQ==",
         "dev": true,
         "dependencies": {
            "vary": "^1.1.2"
         },
         "engines": {
            "node": ">= 8.0.0"
         }
      },
      "node_modules/@types/node": {
         "version": "17.0.33",
         "resolved": "https://registry.npmjs.org/@types/node/-/node-17.0.33.tgz",
         "integrity": "sha512-miWq2m2FiQZmaHfdZNcbpp9PuXg34W5JZ5CrJ/BaS70VuhoJENBEQybeiYSaPBRNq6KQGnjfEnc/F3PN++D+XQ==",
         "dev": true
      },
      "node_modules/axios": {
         "version": "0.26.1",
         "resolved": "https://registry.npmjs.org/axios/-/axios-0.26.1.tgz",
         "integrity": "sha512-fPwcX4EvnSHuInCMItEhAGnaSEXRBjtzh9fOtsE6E1G6p7vl7edEeZe11QHf18+6+9gR5PbKV/sGKNaD8YaMeA==",
         "dev": true,
         "dependencies": {
            "follow-redirects": "^1.14.8"
         }
      },
      "node_modules/consoln": {
         "version": "3.0.5",
         "resolved": "https://registry.npmjs.org/consoln/-/consoln-3.0.5.tgz",
         "integrity": "sha512-BEJpRpRrs47kwA415peaS/tLC4tT5pXMbXA1mxVtVYpYmlogTOiP1+vOBNUUi8KyUE62dtJktf5fnwmDaIqcJg=="
      },
      "node_modules/follow-redirects": {
         "version": "1.15.0",
         "resolved": "https://registry.npmjs.org/follow-redirects/-/follow-redirects-1.15.0.tgz",
         "integrity": "sha512-aExlJShTV4qOUOL7yF1U5tvLCB0xQuudbf6toyYA0E/acBNw71mvjFTnLaRp50aQaYocMR0a/RMMBIHeZnGyjQ==",
         "dev": true,
         "funding": [
            {
               "type": "individual",
               "url": "https://github.com/sponsors/RubenVerborgh"
            }
         ],
         "engines": {
            "node": ">=4.0"
         },
         "peerDependenciesMeta": {
            "debug": {
               "optional": true
            }
         }
      },
      "node_modules/ioa-router": {
         "version": "20.0.1",
         "resolved": "https://registry.npmjs.org/ioa-router/-/ioa-router-20.0.1.tgz",
         "integrity": "sha512-3RTsm0WXs5SPDhKjqSAxOGcwoE+GDd4vxkzbhm8ZDSG0+ilyYYcGiI/o3CZoOgpDRFCcqT04rpwKr8QvyKY9kQ==",
         "dev": true
      },
      "node_modules/typea": {
         "version": "8.0.3",
         "resolved": "https://registry.npmjs.org/typea/-/typea-8.0.3.tgz",
         "integrity": "sha512-HCtsanogFL2+s4vbTKIw09msoHyPkvIPa6qK8aBsNWblZ4xcUW8TgnvoQcZYYKQ0/u78/JLYh4QI7Fe5en/54w==",
         "dev": true
      },
      "node_modules/vary": {
         "version": "1.1.2",
         "resolved": "https://registry.npmjs.org/vary/-/vary-1.1.2.tgz",
         "integrity": "sha1-IpnwLG3tMNSllhsLn3RSShj2NPw=",
         "dev": true,
         "engines": {
            "node": ">= 0.8"
         }
      }
   },
   "dependencies": {
      "@ioa/config": {
         "version": "13.0.0",
         "resolved": "https://registry.npmjs.org/@ioa/config/-/config-13.0.0.tgz",
         "integrity": "sha512-TNRI6yLAvfmicaj+x9kOFbWckhkMSc3EnkZgSf1XfCIRStldDOOg6Jdk9/W70/0b0gG4/KkLiT3BSS4Wdq2DYg==",
         "dev": true
      },
      "@ioa/http": {
         "version": "20.0.1",
         "resolved": "https://registry.npmjs.org/@ioa/http/-/http-20.0.1.tgz",
         "integrity": "sha512-CvakgoUbR/hFyYfWu8UXs/dkA8GYSK1GIoq/VsvheS5wC3eIDr94/migZ8+uNm697/p4+HYYOm1cgsrcFVOP5g==",
         "dev": true,
         "requires": {
            "ioa-router": "^20.0.1"
         }
      },
      "@koa/cors": {
         "version": "3.3.0",
         "resolved": "https://registry.npmjs.org/@koa/cors/-/cors-3.3.0.tgz",
         "integrity": "sha512-lzlkqLlL5Ond8jb6JLnVVDmD2OPym0r5kvZlMgAWiS9xle+Q5ulw1T358oW+RVguxUkANquZQz82i/STIRmsqQ==",
         "dev": true,
         "requires": {
            "vary": "^1.1.2"
         }
      },
      "@types/node": {
         "version": "17.0.33",
         "resolved": "https://registry.npmjs.org/@types/node/-/node-17.0.33.tgz",
         "integrity": "sha512-miWq2m2FiQZmaHfdZNcbpp9PuXg34W5JZ5CrJ/BaS70VuhoJENBEQybeiYSaPBRNq6KQGnjfEnc/F3PN++D+XQ==",
         "dev": true
      },
      "axios": {
         "version": "0.26.1",
         "resolved": "https://registry.npmjs.org/axios/-/axios-0.26.1.tgz",
         "integrity": "sha512-fPwcX4EvnSHuInCMItEhAGnaSEXRBjtzh9fOtsE6E1G6p7vl7edEeZe11QHf18+6+9gR5PbKV/sGKNaD8YaMeA==",
         "dev": true,
         "requires": {
            "follow-redirects": "^1.14.8"
         }
      },
      "consoln": {
         "version": "3.0.5",
         "resolved": "https://registry.npmjs.org/consoln/-/consoln-3.0.5.tgz",
         "integrity": "sha512-BEJpRpRrs47kwA415peaS/tLC4tT5pXMbXA1mxVtVYpYmlogTOiP1+vOBNUUi8KyUE62dtJktf5fnwmDaIqcJg=="
      },
      "follow-redirects": {
         "version": "1.15.0",
         "resolved": "https://registry.npmjs.org/follow-redirects/-/follow-redirects-1.15.0.tgz",
         "integrity": "sha512-aExlJShTV4qOUOL7yF1U5tvLCB0xQuudbf6toyYA0E/acBNw71mvjFTnLaRp50aQaYocMR0a/RMMBIHeZnGyjQ==",
         "dev": true
      },
      "ioa-router": {
         "version": "20.0.1",
         "resolved": "https://registry.npmjs.org/ioa-router/-/ioa-router-20.0.1.tgz",
         "integrity": "sha512-3RTsm0WXs5SPDhKjqSAxOGcwoE+GDd4vxkzbhm8ZDSG0+ilyYYcGiI/o3CZoOgpDRFCcqT04rpwKr8QvyKY9kQ==",
         "dev": true
      },
      "typea": {
         "version": "8.0.3",
         "resolved": "https://registry.npmjs.org/typea/-/typea-8.0.3.tgz",
         "integrity": "sha512-HCtsanogFL2+s4vbTKIw09msoHyPkvIPa6qK8aBsNWblZ4xcUW8TgnvoQcZYYKQ0/u78/JLYh4QI7Fe5en/54w==",
         "dev": true
      },
      "vary": {
         "version": "1.1.2",
         "resolved": "https://registry.npmjs.org/vary/-/vary-1.1.2.tgz",
         "integrity": "sha1-IpnwLG3tMNSllhsLn3RSShj2NPw=",
         "dev": true
      }
   }
}
