{
   "name": "ioa",
   "version": "13.0.0",
   "lockfileVersion": 2,
   "requires": true,
   "packages": {
      "": {
         "version": "13.0.0",
         "license": "ISC",
         "dependencies": {
            "consoln": "^3.0.5"
         },
         "engines": {
            "node": ">= 16.0.0"
         }
      },
      "node_modules/consoln": {
         "version": "3.0.5",
         "resolved": "https://registry.npmjs.org/consoln/-/consoln-3.0.5.tgz",
         "integrity": "sha512-BEJpRpRrs47kwA415peaS/tLC4tT5pXMbXA1mxVtVYpYmlogTOiP1+vOBNUUi8KyUE62dtJktf5fnwmDaIqcJg=="
      }
   },
   "dependencies": {
      "consoln": {
         "version": "3.0.5",
         "resolved": "https://registry.npmjs.org/consoln/-/consoln-3.0.5.tgz",
         "integrity": "sha512-BEJpRpRrs47kwA415peaS/tLC4tT5pXMbXA1mxVtVYpYmlogTOiP1+vOBNUUi8KyUE62dtJktf5fnwmDaIqcJg=="
      }
   }
}
